// !$*UTF8*$!
{
	archiveVersion = 1;
	classes = {
	};
	objectVersion = 56;
	objects = {

/* Begin PBXBuildFile section */
		750235792A5C8F96008D28B0 /* ItemView.swift in Sources */ = {isa = PBXBuildFile; fileRef = 750235782A5C8F96008D28B0 /* ItemView.swift */; };
		7502357C2A5C90D3008D28B0 /* LinkPreview in Frameworks */ = {isa = PBXBuildFile; productRef = 7502357B2A5C90D3008D28B0 /* LinkPreview */; };
		750235812A5C9E60008D28B0 /* TestView.swift in Sources */ = {isa = PBXBuildFile; fileRef = 750235802A5C9E60008D28B0 /* TestView.swift */; };
		750BE3692A5D8A4B00E8BA9A /* DetailsView.swift in Sources */ = {isa = PBXBuildFile; fileRef = 750BE3682A5D8A4B00E8BA9A /* DetailsView.swift */; };
		750BE36B2A5D8FF200E8BA9A /* CommentModel.swift in Sources */ = {isa = PBXBuildFile; fileRef = 750BE36A2A5D8FF200E8BA9A /* CommentModel.swift */; };
		750BE36D2A5D8FFC00E8BA9A /* UserModel.swift in Sources */ = {isa = PBXBuildFile; fileRef = 750BE36C2A5D8FFC00E8BA9A /* UserModel.swift */; };
		750BE3702A5D91D700E8BA9A /* CommentItem.swift in Sources */ = {isa = PBXBuildFile; fileRef = 750BE36F2A5D91D700E8BA9A /* CommentItem.swift */; };
		752B8A1D2A59F463006F92EF /* DummyData.swift in Sources */ = {isa = PBXBuildFile; fileRef = 752B8A1C2A59F463006F92EF /* DummyData.swift */; };
		752B8A232A5A04EF006F92EF /* SettingsView.swift in Sources */ = {isa = PBXBuildFile; fileRef = 752B8A222A5A04EF006F92EF /* SettingsView.swift */; };
		752B8A2A2A5A0671006F92EF /* PostModel.swift in Sources */ = {isa = PBXBuildFile; fileRef = 752B8A292A5A0671006F92EF /* PostModel.swift */; };
		752B8A2D2A5A0A8B006F92EF /* AddPostView.swift in Sources */ = {isa = PBXBuildFile; fileRef = 752B8A2C2A5A0A8B006F92EF /* AddPostView.swift */; };
		755D05FD2A598366000FD9FD /* KampUSApp.swift in Sources */ = {isa = PBXBuildFile; fileRef = 755D05FC2A598366000FD9FD /* KampUSApp.swift */; };
		755D05FF2A598366000FD9FD /* HomeView.swift in Sources */ = {isa = PBXBuildFile; fileRef = 755D05FE2A598366000FD9FD /* HomeView.swift */; };
		755D06012A598368000FD9FD /* Assets.xcassets in Resources */ = {isa = PBXBuildFile; fileRef = 755D06002A598368000FD9FD /* Assets.xcassets */; };
		755D06052A598368000FD9FD /* Preview Assets.xcassets in Resources */ = {isa = PBXBuildFile; fileRef = 755D06042A598368000FD9FD /* Preview Assets.xcassets */; };
		756F73BB2A5ED79000D3B1F1 /* AccountModel.swift in Sources */ = {isa = PBXBuildFile; fileRef = 756F73BA2A5ED79000D3B1F1 /* AccountModel.swift */; };
		756F73BD2A5ED84D00D3B1F1 /* SessionModel.swift in Sources */ = {isa = PBXBuildFile; fileRef = 756F73BC2A5ED84D00D3B1F1 /* SessionModel.swift */; };
		756F73BF2A5ED8A900D3B1F1 /* UserPreferenceModel.swift in Sources */ = {isa = PBXBuildFile; fileRef = 756F73BE2A5ED8A900D3B1F1 /* UserPreferenceModel.swift */; };
		756F73C12A5ED91F00D3B1F1 /* ThemeModel.swift in Sources */ = {isa = PBXBuildFile; fileRef = 756F73C02A5ED91F00D3B1F1 /* ThemeModel.swift */; };
		757DE6892A5E084800F3376A /* UpvoteModel.swift in Sources */ = {isa = PBXBuildFile; fileRef = 757DE6882A5E084800F3376A /* UpvoteModel.swift */; };
		757DE68B2A5E0CBC00F3376A /* CommentUpvote.swift in Sources */ = {isa = PBXBuildFile; fileRef = 757DE68A2A5E0CBC00F3376A /* CommentUpvote.swift */; };
		75BDCFBF2A59984200925C75 /* ProfileView.swift in Sources */ = {isa = PBXBuildFile; fileRef = 75BDCFBE2A59984200925C75 /* ProfileView.swift */; };
		75BDCFC12A59988400925C75 /* SearchView.swift in Sources */ = {isa = PBXBuildFile; fileRef = 75BDCFC02A59988400925C75 /* SearchView.swift */; };
/* End PBXBuildFile section */

/* Begin PBXFileReference section */
		750235782A5C8F96008D28B0 /* ItemView.swift */ = {isa = PBXFileReference; lastKnownFileType = sourcecode.swift; path = ItemView.swift; sourceTree = "<group>"; };
		750235802A5C9E60008D28B0 /* TestView.swift */ = {isa = PBXFileReference; lastKnownFileType = sourcecode.swift; path = TestView.swift; sourceTree = "<group>"; };
		750BE3682A5D8A4B00E8BA9A /* DetailsView.swift */ = {isa = PBXFileReference; lastKnownFileType = sourcecode.swift; path = DetailsView.swift; sourceTree = "<group>"; };
		750BE36A2A5D8FF200E8BA9A /* CommentModel.swift */ = {isa = PBXFileReference; lastKnownFileType = sourcecode.swift; path = CommentModel.swift; sourceTree = "<group>"; };
		750BE36C2A5D8FFC00E8BA9A /* UserModel.swift */ = {isa = PBXFileReference; lastKnownFileType = sourcecode.swift; path = UserModel.swift; sourceTree = "<group>"; };
		750BE36F2A5D91D700E8BA9A /* CommentItem.swift */ = {isa = PBXFileReference; lastKnownFileType = sourcecode.swift; path = CommentItem.swift; sourceTree = "<group>"; };
		752B8A1C2A59F463006F92EF /* DummyData.swift */ = {isa = PBXFileReference; lastKnownFileType = sourcecode.swift; path = DummyData.swift; sourceTree = "<group>"; };
		752B8A222A5A04EF006F92EF /* SettingsView.swift */ = {isa = PBXFileReference; lastKnownFileType = sourcecode.swift; path = SettingsView.swift; sourceTree = "<group>"; };
		752B8A292A5A0671006F92EF /* PostModel.swift */ = {isa = PBXFileReference; lastKnownFileType = sourcecode.swift; path = PostModel.swift; sourceTree = "<group>"; };
		752B8A2C2A5A0A8B006F92EF /* AddPostView.swift */ = {isa = PBXFileReference; lastKnownFileType = sourcecode.swift; path = AddPostView.swift; sourceTree = "<group>"; };
		755D05F92A598366000FD9FD /* KampUS.app */ = {isa = PBXFileReference; explicitFileType = wrapper.application; includeInIndex = 0; path = KampUS.app; sourceTree = BUILT_PRODUCTS_DIR; };
		755D05FC2A598366000FD9FD /* KampUSApp.swift */ = {isa = PBXFileReference; lastKnownFileType = sourcecode.swift; path = KampUSApp.swift; sourceTree = "<group>"; };
		755D05FE2A598366000FD9FD /* HomeView.swift */ = {isa = PBXFileReference; lastKnownFileType = sourcecode.swift; path = HomeView.swift; sourceTree = "<group>"; };
		755D06002A598368000FD9FD /* Assets.xcassets */ = {isa = PBXFileReference; lastKnownFileType = folder.assetcatalog; path = Assets.xcassets; sourceTree = "<group>"; };
		755D06022A598368000FD9FD /* KampUS.entitlements */ = {isa = PBXFileReference; lastKnownFileType = text.plist.entitlements; path = KampUS.entitlements; sourceTree = "<group>"; };
		755D06042A598368000FD9FD /* Preview Assets.xcassets */ = {isa = PBXFileReference; lastKnownFileType = folder.assetcatalog; path = "Preview Assets.xcassets"; sourceTree = "<group>"; };
		756F73BA2A5ED79000D3B1F1 /* AccountModel.swift */ = {isa = PBXFileReference; lastKnownFileType = sourcecode.swift; path = AccountModel.swift; sourceTree = "<group>"; };
		756F73BC2A5ED84D00D3B1F1 /* SessionModel.swift */ = {isa = PBXFileReference; lastKnownFileType = sourcecode.swift; path = SessionModel.swift; sourceTree = "<group>"; };
		756F73BE2A5ED8A900D3B1F1 /* UserPreferenceModel.swift */ = {isa = PBXFileReference; lastKnownFileType = sourcecode.swift; path = UserPreferenceModel.swift; sourceTree = "<group>"; };
		756F73C02A5ED91F00D3B1F1 /* ThemeModel.swift */ = {isa = PBXFileReference; lastKnownFileType = sourcecode.swift; path = ThemeModel.swift; sourceTree = "<group>"; };
		757DE6882A5E084800F3376A /* UpvoteModel.swift */ = {isa = PBXFileReference; lastKnownFileType = sourcecode.swift; path = UpvoteModel.swift; sourceTree = "<group>"; };
		757DE68A2A5E0CBC00F3376A /* CommentUpvote.swift */ = {isa = PBXFileReference; lastKnownFileType = sourcecode.swift; path = CommentUpvote.swift; sourceTree = "<group>"; };
		75BDCFBE2A59984200925C75 /* ProfileView.swift */ = {isa = PBXFileReference; lastKnownFileType = sourcecode.swift; path = ProfileView.swift; sourceTree = "<group>"; };
		75BDCFC02A59988400925C75 /* SearchView.swift */ = {isa = PBXFileReference; lastKnownFileType = sourcecode.swift; path = SearchView.swift; sourceTree = "<group>"; };
/* End PBXFileReference section */

/* Begin PBXFrameworksBuildPhase section */
		755D05F62A598366000FD9FD /* Frameworks */ = {
			isa = PBXFrameworksBuildPhase;
			buildActionMask = 2147483647;
			files = (
				7502357C2A5C90D3008D28B0 /* LinkPreview in Frameworks */,
			);
			runOnlyForDeploymentPostprocessing = 0;
		};
/* End PBXFrameworksBuildPhase section */

/* Begin PBXGroup section */
		750BE36E2A5D91C200E8BA9A /* ItemDetails */ = {
			isa = PBXGroup;
			children = (
				750BE3682A5D8A4B00E8BA9A /* DetailsView.swift */,
				750BE36F2A5D91D700E8BA9A /* CommentItem.swift */,
			);
			path = ItemDetails;
			sourceTree = "<group>";
		};
		752B8A1E2A59FFB5006F92EF /* Views */ = {
			isa = PBXGroup;
			children = (
				750235782A5C8F96008D28B0 /* ItemView.swift */,
				752B8A222A5A04EF006F92EF /* SettingsView.swift */,
				75BDCFC02A59988400925C75 /* SearchView.swift */,
				750BE36E2A5D91C200E8BA9A /* ItemDetails */,
				752B8A1F2A5A04A8006F92EF /* TabViews */,
			);
			path = Views;
			sourceTree = "<group>";
		};
		752B8A1F2A5A04A8006F92EF /* TabViews */ = {
			isa = PBXGroup;
			children = (
				752B8A2C2A5A0A8B006F92EF /* AddPostView.swift */,
				75BDCFBE2A59984200925C75 /* ProfileView.swift */,
				755D05FE2A598366000FD9FD /* HomeView.swift */,
			);
			path = TabViews;
			sourceTree = "<group>";
		};
		752B8A282A5A065D006F92EF /* Models */ = {
			isa = PBXGroup;
			children = (
				752B8A292A5A0671006F92EF /* PostModel.swift */,
				750BE36A2A5D8FF200E8BA9A /* CommentModel.swift */,
				750BE36C2A5D8FFC00E8BA9A /* UserModel.swift */,
				757DE6882A5E084800F3376A /* UpvoteModel.swift */,
				757DE68A2A5E0CBC00F3376A /* CommentUpvote.swift */,
				756F73BA2A5ED79000D3B1F1 /* AccountModel.swift */,
				756F73BC2A5ED84D00D3B1F1 /* SessionModel.swift */,
				756F73BE2A5ED8A900D3B1F1 /* UserPreferenceModel.swift */,
				756F73C02A5ED91F00D3B1F1 /* ThemeModel.swift */,
			);
			path = Models;
			sourceTree = "<group>";
		};
		752B8A2B2A5A0680006F92EF /* ViewModels */ = {
			isa = PBXGroup;
			children = (
				752B8A1C2A59F463006F92EF /* DummyData.swift */,
			);
			path = ViewModels;
			sourceTree = "<group>";
		};
		755D05F02A598366000FD9FD = {
			isa = PBXGroup;
			children = (
				755D05FB2A598366000FD9FD /* KampUS */,
				755D05FA2A598366000FD9FD /* Products */,
			);
			sourceTree = "<group>";
		};
		755D05FA2A598366000FD9FD /* Products */ = {
			isa = PBXGroup;
			children = (
				755D05F92A598366000FD9FD /* KampUS.app */,
			);
			name = Products;
			sourceTree = "<group>";
		};
		755D05FB2A598366000FD9FD /* KampUS */ = {
			isa = PBXGroup;
			children = (
				755D05FC2A598366000FD9FD /* KampUSApp.swift */,
				752B8A282A5A065D006F92EF /* Models */,
				752B8A1E2A59FFB5006F92EF /* Views */,
				752B8A2B2A5A0680006F92EF /* ViewModels */,
				755D06002A598368000FD9FD /* Assets.xcassets */,
				755D06022A598368000FD9FD /* KampUS.entitlements */,
				755D06032A598368000FD9FD /* Preview Content */,
				750235802A5C9E60008D28B0 /* TestView.swift */,
			);
			path = KampUS;
			sourceTree = "<group>";
		};
		755D06032A598368000FD9FD /* Preview Content */ = {
			isa = PBXGroup;
			children = (
				755D06042A598368000FD9FD /* Preview Assets.xcassets */,
			);
			path = "Preview Content";
			sourceTree = "<group>";
		};
/* End PBXGroup section */

/* Begin PBXNativeTarget section */
		755D05F82A598366000FD9FD /* KampUS */ = {
			isa = PBXNativeTarget;
			buildConfigurationList = 755D06082A598368000FD9FD /* Build configuration list for PBXNativeTarget "KampUS" */;
			buildPhases = (
				755D05F52A598366000FD9FD /* Sources */,
				755D05F62A598366000FD9FD /* Frameworks */,
				755D05F72A598366000FD9FD /* Resources */,
			);
			buildRules = (
			);
			dependencies = (
			);
			name = KampUS;
			packageProductDependencies = (
				7502357B2A5C90D3008D28B0 /* LinkPreview */,
			);
			productName = KampUS;
			productReference = 755D05F92A598366000FD9FD /* KampUS.app */;
			productType = "com.apple.product-type.application";
		};
/* End PBXNativeTarget section */

/* Begin PBXProject section */
		755D05F12A598366000FD9FD /* Project object */ = {
			isa = PBXProject;
			attributes = {
				BuildIndependentTargetsInParallel = 1;
				LastSwiftUpdateCheck = 1430;
				LastUpgradeCheck = 1430;
				TargetAttributes = {
					755D05F82A598366000FD9FD = {
						CreatedOnToolsVersion = 14.3.1;
					};
				};
			};
			buildConfigurationList = 755D05F42A598366000FD9FD /* Build configuration list for PBXProject "KampUS" */;
			compatibilityVersion = "Xcode 14.0";
			developmentRegion = en;
			hasScannedForEncodings = 0;
			knownRegions = (
				en,
				Base,
			);
			mainGroup = 755D05F02A598366000FD9FD;
			packageReferences = (
				7502357A2A5C90D2008D28B0 /* XCRemoteSwiftPackageReference "LinkPreview" */,
			);
			productRefGroup = 755D05FA2A598366000FD9FD /* Products */;
			projectDirPath = "";
			projectRoot = "";
			targets = (
				755D05F82A598366000FD9FD /* KampUS */,
			);
		};
/* End PBXProject section */

/* Begin PBXResourcesBuildPhase section */
		755D05F72A598366000FD9FD /* Resources */ = {
			isa = PBXResourcesBuildPhase;
			buildActionMask = 2147483647;
			files = (
				755D06052A598368000FD9FD /* Preview Assets.xcassets in Resources */,
				755D06012A598368000FD9FD /* Assets.xcassets in Resources */,
			);
			runOnlyForDeploymentPostprocessing = 0;
		};
/* End PBXResourcesBuildPhase section */

/* Begin PBXSourcesBuildPhase section */
		755D05F52A598366000FD9FD /* Sources */ = {
			isa = PBXSourcesBuildPhase;
			buildActionMask = 2147483647;
			files = (
				756F73C12A5ED91F00D3B1F1 /* ThemeModel.swift in Sources */,
				757DE6892A5E084800F3376A /* UpvoteModel.swift in Sources */,
				756F73BB2A5ED79000D3B1F1 /* AccountModel.swift in Sources */,
				75BDCFC12A59988400925C75 /* SearchView.swift in Sources */,
				750BE36B2A5D8FF200E8BA9A /* CommentModel.swift in Sources */,
				750BE3702A5D91D700E8BA9A /* CommentItem.swift in Sources */,
				752B8A2D2A5A0A8B006F92EF /* AddPostView.swift in Sources */,
				752B8A2A2A5A0671006F92EF /* PostModel.swift in Sources */,
				755D05FF2A598366000FD9FD /* HomeView.swift in Sources */,
				750BE36D2A5D8FFC00E8BA9A /* UserModel.swift in Sources */,
				75BDCFBF2A59984200925C75 /* ProfileView.swift in Sources */,
				756F73BF2A5ED8A900D3B1F1 /* UserPreferenceModel.swift in Sources */,
				750235792A5C8F96008D28B0 /* ItemView.swift in Sources */,
				757DE68B2A5E0CBC00F3376A /* CommentUpvote.swift in Sources */,
				750BE3692A5D8A4B00E8BA9A /* DetailsView.swift in Sources */,
				750235812A5C9E60008D28B0 /* TestView.swift in Sources */,
				752B8A232A5A04EF006F92EF /* SettingsView.swift in Sources */,
				756F73BD2A5ED84D00D3B1F1 /* SessionModel.swift in Sources */,
				752B8A1D2A59F463006F92EF /* DummyData.swift in Sources */,
				755D05FD2A598366000FD9FD /* KampUSApp.swift in Sources */,
			);
			runOnlyForDeploymentPostprocessing = 0;
		};
/* End PBXSourcesBuildPhase section */

/* Begin XCBuildConfiguration section */
		755D06062A598368000FD9FD /* Debug */ = {
			isa = XCBuildConfiguration;
			buildSettings = {
				ALWAYS_SEARCH_USER_PATHS = NO;
				CLANG_ANALYZER_NONNULL = YES;
				CLANG_ANALYZER_NUMBER_OBJECT_CONVERSION = YES_AGGRESSIVE;
				CLANG_CXX_LANGUAGE_STANDARD = "gnu++20";
				CLANG_ENABLE_MODULES = YES;
				CLANG_ENABLE_OBJC_ARC = YES;
				CLANG_ENABLE_OBJC_WEAK = YES;
				CLANG_WARN_BLOCK_CAPTURE_AUTORELEASING = YES;
				CLANG_WARN_BOOL_CONVERSION = YES;
				CLANG_WARN_COMMA = YES;
				CLANG_WARN_CONSTANT_CONVERSION = YES;
				CLANG_WARN_DEPRECATED_OBJC_IMPLEMENTATIONS = YES;
				CLANG_WARN_DIRECT_OBJC_ISA_USAGE = YES_ERROR;
				CLANG_WARN_DOCUMENTATION_COMMENTS = YES;
				CLANG_WARN_EMPTY_BODY = YES;
				CLANG_WARN_ENUM_CONVERSION = YES;
				CLANG_WARN_INFINITE_RECURSION = YES;
				CLANG_WARN_INT_CONVERSION = YES;
				CLANG_WARN_NON_LITERAL_NULL_CONVERSION = YES;
				CLANG_WARN_OBJC_IMPLICIT_RETAIN_SELF = YES;
				CLANG_WARN_OBJC_LITERAL_CONVERSION = YES;
				CLANG_WARN_OBJC_ROOT_CLASS = YES_ERROR;
				CLANG_WARN_QUOTED_INCLUDE_IN_FRAMEWORK_HEADER = YES;
				CLANG_WARN_RANGE_LOOP_ANALYSIS = YES;
				CLANG_WARN_STRICT_PROTOTYPES = YES;
				CLANG_WARN_SUSPICIOUS_MOVE = YES;
				CLANG_WARN_UNGUARDED_AVAILABILITY = YES_AGGRESSIVE;
				CLANG_WARN_UNREACHABLE_CODE = YES;
				CLANG_WARN__DUPLICATE_METHOD_MATCH = YES;
				COPY_PHASE_STRIP = NO;
				DEBUG_INFORMATION_FORMAT = dwarf;
				ENABLE_STRICT_OBJC_MSGSEND = YES;
				ENABLE_TESTABILITY = YES;
				GCC_C_LANGUAGE_STANDARD = gnu11;
				GCC_DYNAMIC_NO_PIC = NO;
				GCC_NO_COMMON_BLOCKS = YES;
				GCC_OPTIMIZATION_LEVEL = 0;
				GCC_PREPROCESSOR_DEFINITIONS = (
					"DEBUG=1",
					"$(inherited)",
				);
				GCC_WARN_64_TO_32_BIT_CONVERSION = YES;
				GCC_WARN_ABOUT_RETURN_TYPE = YES_ERROR;
				GCC_WARN_UNDECLARED_SELECTOR = YES;
				GCC_WARN_UNINITIALIZED_AUTOS = YES_AGGRESSIVE;
				GCC_WARN_UNUSED_FUNCTION = YES;
				GCC_WARN_UNUSED_VARIABLE = YES;
				MTL_ENABLE_DEBUG_INFO = INCLUDE_SOURCE;
				MTL_FAST_MATH = YES;
				ONLY_ACTIVE_ARCH = YES;
				SWIFT_ACTIVE_COMPILATION_CONDITIONS = DEBUG;
				SWIFT_OPTIMIZATION_LEVEL = "-Onone";
			};
			name = Debug;
		};
		755D06072A598368000FD9FD /* Release */ = {
			isa = XCBuildConfiguration;
			buildSettings = {
				ALWAYS_SEARCH_USER_PATHS = NO;
				CLANG_ANALYZER_NONNULL = YES;
				CLANG_ANALYZER_NUMBER_OBJECT_CONVERSION = YES_AGGRESSIVE;
				CLANG_CXX_LANGUAGE_STANDARD = "gnu++20";
				CLANG_ENABLE_MODULES = YES;
				CLANG_ENABLE_OBJC_ARC = YES;
				CLANG_ENABLE_OBJC_WEAK = YES;
				CLANG_WARN_BLOCK_CAPTURE_AUTORELEASING = YES;
				CLANG_WARN_BOOL_CONVERSION = YES;
				CLANG_WARN_COMMA = YES;
				CLANG_WARN_CONSTANT_CONVERSION = YES;
				CLANG_WARN_DEPRECATED_OBJC_IMPLEMENTATIONS = YES;
				CLANG_WARN_DIRECT_OBJC_ISA_USAGE = YES_ERROR;
				CLANG_WARN_DOCUMENTATION_COMMENTS = YES;
				CLANG_WARN_EMPTY_BODY = YES;
				CLANG_WARN_ENUM_CONVERSION = YES;
				CLANG_WARN_INFINITE_RECURSION = YES;
				CLANG_WARN_INT_CONVERSION = YES;
				CLANG_WARN_NON_LITERAL_NULL_CONVERSION = YES;
				CLANG_WARN_OBJC_IMPLICIT_RETAIN_SELF = YES;
				CLANG_WARN_OBJC_LITERAL_CONVERSION = YES;
				CLANG_WARN_OBJC_ROOT_CLASS = YES_ERROR;
				CLANG_WARN_QUOTED_INCLUDE_IN_FRAMEWORK_HEADER = YES;
				CLANG_WARN_RANGE_LOOP_ANALYSIS = YES;
				CLANG_WARN_STRICT_PROTOTYPES = YES;
				CLANG_WARN_SUSPICIOUS_MOVE = YES;
				CLANG_WARN_UNGUARDED_AVAILABILITY = YES_AGGRESSIVE;
				CLANG_WARN_UNREACHABLE_CODE = YES;
				CLANG_WARN__DUPLICATE_METHOD_MATCH = YES;
				COPY_PHASE_STRIP = NO;
				DEBUG_INFORMATION_FORMAT = "dwarf-with-dsym";
				ENABLE_NS_ASSERTIONS = NO;
				ENABLE_STRICT_OBJC_MSGSEND = YES;
				GCC_C_LANGUAGE_STANDARD = gnu11;
				GCC_NO_COMMON_BLOCKS = YES;
				GCC_WARN_64_TO_32_BIT_CONVERSION = YES;
				GCC_WARN_ABOUT_RETURN_TYPE = YES_ERROR;
				GCC_WARN_UNDECLARED_SELECTOR = YES;
				GCC_WARN_UNINITIALIZED_AUTOS = YES_AGGRESSIVE;
				GCC_WARN_UNUSED_FUNCTION = YES;
				GCC_WARN_UNUSED_VARIABLE = YES;
				MTL_ENABLE_DEBUG_INFO = NO;
				MTL_FAST_MATH = YES;
				SWIFT_COMPILATION_MODE = wholemodule;
				SWIFT_OPTIMIZATION_LEVEL = "-O";
			};
			name = Release;
		};
		755D06092A598368000FD9FD /* Debug */ = {
			isa = XCBuildConfiguration;
			buildSettings = {
				ASSETCATALOG_COMPILER_APPICON_NAME = AppIcon;
				ASSETCATALOG_COMPILER_GLOBAL_ACCENT_COLOR_NAME = AccentColor;
				CODE_SIGN_ENTITLEMENTS = KampUS/KampUS.entitlements;
				CODE_SIGN_STYLE = Automatic;
				CURRENT_PROJECT_VERSION = 1;
				DEVELOPMENT_ASSET_PATHS = "\"KampUS/Preview Content\"";
				DEVELOPMENT_TEAM = QP4938RZX5;
				ENABLE_HARDENED_RUNTIME = YES;
				ENABLE_PREVIEWS = YES;
				GENERATE_INFOPLIST_FILE = YES;
				"INFOPLIST_KEY_UIApplicationSceneManifest_Generation[sdk=iphoneos*]" = YES;
				"INFOPLIST_KEY_UIApplicationSceneManifest_Generation[sdk=iphonesimulator*]" = YES;
				"INFOPLIST_KEY_UIApplicationSupportsIndirectInputEvents[sdk=iphoneos*]" = YES;
				"INFOPLIST_KEY_UIApplicationSupportsIndirectInputEvents[sdk=iphonesimulator*]" = YES;
				"INFOPLIST_KEY_UILaunchScreen_Generation[sdk=iphoneos*]" = YES;
				"INFOPLIST_KEY_UILaunchScreen_Generation[sdk=iphonesimulator*]" = YES;
				"INFOPLIST_KEY_UIStatusBarStyle[sdk=iphoneos*]" = UIStatusBarStyleDefault;
				"INFOPLIST_KEY_UIStatusBarStyle[sdk=iphonesimulator*]" = UIStatusBarStyleDefault;
				INFOPLIST_KEY_UISupportedInterfaceOrientations_iPad = "UIInterfaceOrientationPortrait UIInterfaceOrientationPortraitUpsideDown UIInterfaceOrientationLandscapeLeft UIInterfaceOrientationLandscapeRight";
				INFOPLIST_KEY_UISupportedInterfaceOrientations_iPhone = "UIInterfaceOrientationPortrait UIInterfaceOrientationLandscapeLeft UIInterfaceOrientationLandscapeRight";
				IPHONEOS_DEPLOYMENT_TARGET = 16.4;
				LD_RUNPATH_SEARCH_PATHS = "@executable_path/Frameworks";
				"LD_RUNPATH_SEARCH_PATHS[sdk=macosx*]" = "@executable_path/../Frameworks";
				MACOSX_DEPLOYMENT_TARGET = 13.3;
				MARKETING_VERSION = 1.0;
				PRODUCT_BUNDLE_IDENTIFIER = SerdarK.KampUS;
				PRODUCT_NAME = "$(TARGET_NAME)";
				SDKROOT = auto;
				SUPPORTED_PLATFORMS = "iphoneos iphonesimulator macosx";
				SWIFT_EMIT_LOC_STRINGS = YES;
				SWIFT_VERSION = 5.0;
				TARGETED_DEVICE_FAMILY = "1,2";
			};
			name = Debug;
		};
		755D060A2A598368000FD9FD /* Release */ = {
			isa = XCBuildConfiguration;
			buildSettings = {
				ASSETCATALOG_COMPILER_APPICON_NAME = AppIcon;
				ASSETCATALOG_COMPILER_GLOBAL_ACCENT_COLOR_NAME = AccentColor;
				CODE_SIGN_ENTITLEMENTS = KampUS/KampUS.entitlements;
				CODE_SIGN_STYLE = Automatic;
				CURRENT_PROJECT_VERSION = 1;
				DEVELOPMENT_ASSET_PATHS = "\"KampUS/Preview Content\"";
				DEVELOPMENT_TEAM = QP4938RZX5;
				ENABLE_HARDENED_RUNTIME = YES;
				ENABLE_PREVIEWS = YES;
				GENERATE_INFOPLIST_FILE = YES;
				"INFOPLIST_KEY_UIApplicationSceneManifest_Generation[sdk=iphoneos*]" = YES;
				"INFOPLIST_KEY_UIApplicationSceneManifest_Generation[sdk=iphonesimulator*]" = YES;
				"INFOPLIST_KEY_UIApplicationSupportsIndirectInputEvents[sdk=iphoneos*]" = YES;
				"INFOPLIST_KEY_UIApplicationSupportsIndirectInputEvents[sdk=iphonesimulator*]" = YES;
				"INFOPLIST_KEY_UILaunchScreen_Generation[sdk=iphoneos*]" = YES;
				"INFOPLIST_KEY_UILaunchScreen_Generation[sdk=iphonesimulator*]" = YES;
				"INFOPLIST_KEY_UIStatusBarStyle[sdk=iphoneos*]" = UIStatusBarStyleDefault;
				"INFOPLIST_KEY_UIStatusBarStyle[sdk=iphonesimulator*]" = UIStatusBarStyleDefault;
				INFOPLIST_KEY_UISupportedInterfaceOrientations_iPad = "UIInterfaceOrientationPortrait UIInterfaceOrientationPortraitUpsideDown UIInterfaceOrientationLandscapeLeft UIInterfaceOrientationLandscapeRight";
				INFOPLIST_KEY_UISupportedInterfaceOrientations_iPhone = "UIInterfaceOrientationPortrait UIInterfaceOrientationLandscapeLeft UIInterfaceOrientationLandscapeRight";
				IPHONEOS_DEPLOYMENT_TARGET = 16.4;
				LD_RUNPATH_SEARCH_PATHS = "@executable_path/Frameworks";
				"LD_RUNPATH_SEARCH_PATHS[sdk=macosx*]" = "@executable_path/../Frameworks";
				MACOSX_DEPLOYMENT_TARGET = 13.3;
				MARKETING_VERSION = 1.0;
				PRODUCT_BUNDLE_IDENTIFIER = SerdarK.KampUS;
				PRODUCT_NAME = "$(TARGET_NAME)";
				SDKROOT = auto;
				SUPPORTED_PLATFORMS = "iphoneos iphonesimulator macosx";
				SWIFT_EMIT_LOC_STRINGS = YES;
				SWIFT_VERSION = 5.0;
				TARGETED_DEVICE_FAMILY = "1,2";
			};
			name = Release;
		};
/* End XCBuildConfiguration section */

/* Begin XCConfigurationList section */
		755D05F42A598366000FD9FD /* Build configuration list for PBXProject "KampUS" */ = {
			isa = XCConfigurationList;
			buildConfigurations = (
				755D06062A598368000FD9FD /* Debug */,
				755D06072A598368000FD9FD /* Release */,
			);
			defaultConfigurationIsVisible = 0;
			defaultConfigurationName = Release;
		};
		755D06082A598368000FD9FD /* Build configuration list for PBXNativeTarget "KampUS" */ = {
			isa = XCConfigurationList;
			buildConfigurations = (
				755D06092A598368000FD9FD /* Debug */,
				755D060A2A598368000FD9FD /* Release */,
			);
			defaultConfigurationIsVisible = 0;
			defaultConfigurationName = Release;
		};
/* End XCConfigurationList section */

/* Begin XCRemoteSwiftPackageReference section */
		7502357A2A5C90D2008D28B0 /* XCRemoteSwiftPackageReference "LinkPreview" */ = {
			isa = XCRemoteSwiftPackageReference;
			repositoryURL = "https://github.com/NuPlay/LinkPreview.git";
			requirement = {
				kind = upToNextMajorVersion;
				minimumVersion = 1.0.0;
			};
		};
/* End XCRemoteSwiftPackageReference section */

/* Begin XCSwiftPackageProductDependency section */
		7502357B2A5C90D3008D28B0 /* LinkPreview */ = {
			isa = XCSwiftPackageProductDependency;
			package = 7502357A2A5C90D2008D28B0 /* XCRemoteSwiftPackageReference "LinkPreview" */;
			productName = LinkPreview;
		};
/* End XCSwiftPackageProductDependency section */
	};
	rootObject = 755D05F12A598366000FD9FD /* Project object */;
}
